// !$*UTF8*$!
{
	archiveVersion = 1;
	classes = {
	};
	objectVersion = 50;
	objects = {

/* Begin PBXBuildFile section */
		18A9C2F521BE8662001F01C7 /* AppDelegate.m in Sources */ = {isa = PBXBuildFile; fileRef = 18A9C2F421BE8662001F01C7 /* AppDelegate.m */; };
		18A9C2F821BE8662001F01C7 /* ViewController.m in Sources */ = {isa = PBXBuildFile; fileRef = 18A9C2F721BE8662001F01C7 /* ViewController.m */; };
		18A9C2FB21BE8662001F01C7 /* Main.storyboard in Resources */ = {isa = PBXBuildFile; fileRef = 18A9C2F921BE8662001F01C7 /* Main.storyboard */; };
		18A9C2FD21BE8666001F01C7 /* Assets.xcassets in Resources */ = {isa = PBXBuildFile; fileRef = 18A9C2FC21BE8666001F01C7 /* Assets.xcassets */; };
		18A9C30021BE8666001F01C7 /* LaunchScreen.storyboard in Resources */ = {isa = PBXBuildFile; fileRef = 18A9C2FE21BE8666001F01C7 /* LaunchScreen.storyboard */; };
		18A9C30321BE8666001F01C7 /* main.m in Sources */ = {isa = PBXBuildFile; fileRef = 18A9C30221BE8666001F01C7 /* main.m */; };
		18A9C30D21BE8666001F01C7 /* GCDTestTests.m in Sources */ = {isa = PBXBuildFile; fileRef = 18A9C30C21BE8666001F01C7 /* GCDTestTests.m */; };
		18A9C31821BE8666001F01C7 /* GCDTestUITests.m in Sources */ = {isa = PBXBuildFile; fileRef = 18A9C31721BE8666001F01C7 /* GCDTestUITests.m */; };
		18A9C32621C0B3D9001F01C7 /* GCDExampleTest.m in Sources */ = {isa = PBXBuildFile; fileRef = 18A9C32521C0B3D9001F01C7 /* GCDExampleTest.m */; };
/* End PBXBuildFile section */

/* Begin PBXContainerItemProxy section */
		18A9C30921BE8666001F01C7 /* PBXContainerItemProxy */ = {
			isa = PBXContainerItemProxy;
			containerPortal = 18A9C2E821BE8662001F01C7 /* Project object */;
			proxyType = 1;
			remoteGlobalIDString = 18A9C2EF21BE8662001F01C7;
			remoteInfo = GCDTest;
		};
		18A9C31421BE8666001F01C7 /* PBXContainerItemProxy */ = {
			isa = PBXContainerItemProxy;
			containerPortal = 18A9C2E821BE8662001F01C7 /* Project object */;
			proxyType = 1;
			remoteGlobalIDString = 18A9C2EF21BE8662001F01C7;
			remoteInfo = GCDTest;
		};
/* End PBXContainerItemProxy section */

/* Begin PBXFileReference section */
		18A9C2F021BE8662001F01C7 /* GCDTest.app */ = {isa = PBXFileReference; explicitFileType = wrapper.application; includeInIndex = 0; path = GCDTest.app; sourceTree = BUILT_PRODUCTS_DIR; };
		18A9C2F321BE8662001F01C7 /* AppDelegate.h */ = {isa = PBXFileReference; lastKnownFileType = sourcecode.c.h; path = AppDelegate.h; sourceTree = "<group>"; };
		18A9C2F421BE8662001F01C7 /* AppDelegate.m */ = {isa = PBXFileReference; lastKnownFileType = sourcecode.c.objc; path = AppDelegate.m; sourceTree = "<group>"; };
		18A9C2F621BE8662001F01C7 /* ViewController.h */ = {isa = PBXFileReference; lastKnownFileType = sourcecode.c.h; path = ViewController.h; sourceTree = "<group>"; };
		18A9C2F721BE8662001F01C7 /* ViewController.m */ = {isa = PBXFileReference; lastKnownFileType = sourcecode.c.objc; path = ViewController.m; sourceTree = "<group>"; };
		18A9C2FA21BE8662001F01C7 /* Base */ = {isa = PBXFileReference; lastKnownFileType = file.storyboard; name = Base; path = Base.lproj/Main.storyboard; sourceTree = "<group>"; };
		18A9C2FC21BE8666001F01C7 /* Assets.xcassets */ = {isa = PBXFileReference; lastKnownFileType = folder.assetcatalog; path = Assets.xcassets; sourceTree = "<group>"; };
		18A9C2FF21BE8666001F01C7 /* Base */ = {isa = PBXFileReference; lastKnownFileType = file.storyboard; name = Base; path = Base.lproj/LaunchScreen.storyboard; sourceTree = "<group>"; };
		18A9C30121BE8666001F01C7 /* Info.plist */ = {isa = PBXFileReference; lastKnownFileType = text.plist.xml; path = Info.plist; sourceTree = "<group>"; };
		18A9C30221BE8666001F01C7 /* main.m */ = {isa = PBXFileReference; lastKnownFileType = sourcecode.c.objc; path = main.m; sourceTree = "<group>"; };
		18A9C30821BE8666001F01C7 /* GCDTestTests.xctest */ = {isa = PBXFileReference; explicitFileType = wrapper.cfbundle; includeInIndex = 0; path = GCDTestTests.xctest; sourceTree = BUILT_PRODUCTS_DIR; };
		18A9C30C21BE8666001F01C7 /* GCDTestTests.m */ = {isa = PBXFileReference; lastKnownFileType = sourcecode.c.objc; path = GCDTestTests.m; sourceTree = "<group>"; };
		18A9C30E21BE8666001F01C7 /* Info.plist */ = {isa = PBXFileReference; lastKnownFileType = text.plist.xml; path = Info.plist; sourceTree = "<group>"; };
		18A9C31321BE8666001F01C7 /* GCDTestUITests.xctest */ = {isa = PBXFileReference; explicitFileType = wrapper.cfbundle; includeInIndex = 0; path = GCDTestUITests.xctest; sourceTree = BUILT_PRODUCTS_DIR; };
		18A9C31721BE8666001F01C7 /* GCDTestUITests.m */ = {isa = PBXFileReference; lastKnownFileType = sourcecode.c.objc; path = GCDTestUITests.m; sourceTree = "<group>"; };
		18A9C31921BE8666001F01C7 /* Info.plist */ = {isa = PBXFileReference; lastKnownFileType = text.plist.xml; path = Info.plist; sourceTree = "<group>"; };
		18A9C32521C0B3D9001F01C7 /* GCDExampleTest.m */ = {isa = PBXFileReference; lastKnownFileType = sourcecode.c.objc; path = GCDExampleTest.m; sourceTree = "<group>"; };
/* End PBXFileReference section */

/* Begin PBXFrameworksBuildPhase section */
		18A9C2ED21BE8662001F01C7 /* Frameworks */ = {
			isa = PBXFrameworksBuildPhase;
			buildActionMask = 2147483647;
			files = (
			);
			runOnlyForDeploymentPostprocessing = 0;
		};
		18A9C30521BE8666001F01C7 /* Frameworks */ = {
			isa = PBXFrameworksBuildPhase;
			buildActionMask = 2147483647;
			files = (
			);
			runOnlyForDeploymentPostprocessing = 0;
		};
		18A9C31021BE8666001F01C7 /* Frameworks */ = {
			isa = PBXFrameworksBuildPhase;
			buildActionMask = 2147483647;
			files = (
			);
			runOnlyForDeploymentPostprocessing = 0;
		};
/* End PBXFrameworksBuildPhase section */

/* Begin PBXGroup section */
		18A9C2E721BE8662001F01C7 = {
			isa = PBXGroup;
			children = (
				18A9C2F221BE8662001F01C7 /* GCDTest */,
				18A9C30B21BE8666001F01C7 /* GCDTestTests */,
				18A9C31621BE8666001F01C7 /* GCDTestUITests */,
				18A9C2F121BE8662001F01C7 /* Products */,
			);
			sourceTree = "<group>";
		};
		18A9C2F121BE8662001F01C7 /* Products */ = {
			isa = PBXGroup;
			children = (
				18A9C2F021BE8662001F01C7 /* GCDTest.app */,
				18A9C30821BE8666001F01C7 /* GCDTestTests.xctest */,
				18A9C31321BE8666001F01C7 /* GCDTestUITests.xctest */,
			);
			name = Products;
			sourceTree = "<group>";
		};
		18A9C2F221BE8662001F01C7 /* GCDTest */ = {
			isa = PBXGroup;
			children = (
				18A9C2F321BE8662001F01C7 /* AppDelegate.h */,
				18A9C2F421BE8662001F01C7 /* AppDelegate.m */,
				18A9C2F621BE8662001F01C7 /* ViewController.h */,
				18A9C2F721BE8662001F01C7 /* ViewController.m */,
				18A9C2F921BE8662001F01C7 /* Main.storyboard */,
				18A9C2FC21BE8666001F01C7 /* Assets.xcassets */,
				18A9C2FE21BE8666001F01C7 /* LaunchScreen.storyboard */,
				18A9C30121BE8666001F01C7 /* Info.plist */,
				18A9C30221BE8666001F01C7 /* main.m */,
			);
			path = GCDTest;
			sourceTree = "<group>";
		};
		18A9C30B21BE8666001F01C7 /* GCDTestTests */ = {
			isa = PBXGroup;
			children = (
				18A9C30C21BE8666001F01C7 /* GCDTestTests.m */,
				18A9C32521C0B3D9001F01C7 /* GCDExampleTest.m */,
				18A9C30E21BE8666001F01C7 /* Info.plist */,
			);
			path = GCDTestTests;
			sourceTree = "<group>";
		};
		18A9C31621BE8666001F01C7 /* GCDTestUITests */ = {
			isa = PBXGroup;
			children = (
				18A9C31721BE8666001F01C7 /* GCDTestUITests.m */,
				18A9C31921BE8666001F01C7 /* Info.plist */,
			);
			path = GCDTestUITests;
			sourceTree = "<group>";
		};
/* End PBXGroup section */

/* Begin PBXNativeTarget section */
		18A9C2EF21BE8662001F01C7 /* GCDTest */ = {
			isa = PBXNativeTarget;
			buildConfigurationList = 18A9C31C21BE8666001F01C7 /* Build configuration list for PBXNativeTarget "GCDTest" */;
			buildPhases = (
				18A9C2EC21BE8662001F01C7 /* Sources */,
				18A9C2ED21BE8662001F01C7 /* Frameworks */,
				18A9C2EE21BE8662001F01C7 /* Resources */,
			);
			buildRules = (
			);
			dependencies = (
			);
			name = GCDTest;
			productName = GCDTest;
			productReference = 18A9C2F021BE8662001F01C7 /* GCDTest.app */;
			productType = "com.apple.product-type.application";
		};
		18A9C30721BE8666001F01C7 /* GCDTestTests */ = {
			isa = PBXNativeTarget;
			buildConfigurationList = 18A9C31F21BE8666001F01C7 /* Build configuration list for PBXNativeTarget "GCDTestTests" */;
			buildPhases = (
				18A9C30421BE8666001F01C7 /* Sources */,
				18A9C30521BE8666001F01C7 /* Frameworks */,
				18A9C30621BE8666001F01C7 /* Resources */,
			);
			buildRules = (
			);
			dependencies = (
				18A9C30A21BE8666001F01C7 /* PBXTargetDependency */,
			);
			name = GCDTestTests;
			productName = GCDTestTests;
			productReference = 18A9C30821BE8666001F01C7 /* GCDTestTests.xctest */;
			productType = "com.apple.product-type.bundle.unit-test";
		};
		18A9C31221BE8666001F01C7 /* GCDTestUITests */ = {
			isa = PBXNativeTarget;
			buildConfigurationList = 18A9C32221BE8666001F01C7 /* Build configuration list for PBXNativeTarget "GCDTestUITests" */;
			buildPhases = (
				18A9C30F21BE8666001F01C7 /* Sources */,
				18A9C31021BE8666001F01C7 /* Frameworks */,
				18A9C31121BE8666001F01C7 /* Resources */,
			);
			buildRules = (
			);
			dependencies = (
				18A9C31521BE8666001F01C7 /* PBXTargetDependency */,
			);
			name = GCDTestUITests;
			productName = GCDTestUITests;
			productReference = 18A9C31321BE8666001F01C7 /* GCDTestUITests.xctest */;
			productType = "com.apple.product-type.bundle.ui-testing";
		};
/* End PBXNativeTarget section */

/* Begin PBXProject section */
		18A9C2E821BE8662001F01C7 /* Project object */ = {
			isa = PBXProject;
			attributes = {
				LastUpgradeCheck = 1000;
				ORGANIZATIONNAME = ZED;
				TargetAttributes = {
					18A9C2EF21BE8662001F01C7 = {
						CreatedOnToolsVersion = 10.0;
					};
					18A9C30721BE8666001F01C7 = {
						CreatedOnToolsVersion = 10.0;
						TestTargetID = 18A9C2EF21BE8662001F01C7;
					};
					18A9C31221BE8666001F01C7 = {
						CreatedOnToolsVersion = 10.0;
						TestTargetID = 18A9C2EF21BE8662001F01C7;
					};
				};
			};
			buildConfigurationList = 18A9C2EB21BE8662001F01C7 /* Build configuration list for PBXProject "GCDTest" */;
			compatibilityVersion = "Xcode 9.3";
			developmentRegion = en;
			hasScannedForEncodings = 0;
			knownRegions = (
				en,
				Base,
			);
			mainGroup = 18A9C2E721BE8662001F01C7;
			productRefGroup = 18A9C2F121BE8662001F01C7 /* Products */;
			projectDirPath = "";
			projectRoot = "";
			targets = (
				18A9C2EF21BE8662001F01C7 /* GCDTest */,
				18A9C30721BE8666001F01C7 /* GCDTestTests */,
				18A9C31221BE8666001F01C7 /* GCDTestUITests */,
			);
		};
/* End PBXProject section */

/* Begin PBXResourcesBuildPhase section */
		18A9C2EE21BE8662001F01C7 /* Resources */ = {
			isa = PBXResourcesBuildPhase;
			buildActionMask = 2147483647;
			files = (
				18A9C30021BE8666001F01C7 /* LaunchScreen.storyboard in Resources */,
				18A9C2FD21BE8666001F01C7 /* Assets.xcassets in Resources */,
				18A9C2FB21BE8662001F01C7 /* Main.storyboard in Resources */,
			);
			runOnlyForDeploymentPostprocessing = 0;
		};
		18A9C30621BE8666001F01C7 /* Resources */ = {
			isa = PBXResourcesBuildPhase;
			buildActionMask = 2147483647;
			files = (
			);
			runOnlyForDeploymentPostprocessing = 0;
		};
		18A9C31121BE8666001F01C7 /* Resources */ = {
			isa = PBXResourcesBuildPhase;
			buildActionMask = 2147483647;
			files = (
			);
			runOnlyForDeploymentPostprocessing = 0;
		};
/* End PBXResourcesBuildPhase section */

/* Begin PBXSourcesBuildPhase section */
		18A9C2EC21BE8662001F01C7 /* Sources */ = {
			isa = PBXSourcesBuildPhase;
			buildActionMask = 2147483647;
			files = (
				18A9C2F821BE8662001F01C7 /* ViewController.m in Sources */,
				18A9C30321BE8666001F01C7 /* main.m in Sources */,
				18A9C2F521BE8662001F01C7 /* AppDelegate.m in Sources */,
			);
			runOnlyForDeploymentPostprocessing = 0;
		};
		18A9C30421BE8666001F01C7 /* Sources */ = {
			isa = PBXSourcesBuildPhase;
			buildActionMask = 2147483647;
			files = (
				18A9C30D21BE8666001F01C7 /* GCDTestTests.m in Sources */,
				18A9C32621C0B3D9001F01C7 /* GCDExampleTest.m in Sources */,
			);
			runOnlyForDeploymentPostprocessing = 0;
		};
		18A9C30F21BE8666001F01C7 /* Sources */ = {
			isa = PBXSourcesBuildPhase;
			buildActionMask = 2147483647;
			files = (
				18A9C31821BE8666001F01C7 /* GCDTestUITests.m in Sources */,
			);
			runOnlyForDeploymentPostprocessing = 0;
		};
/* End PBXSourcesBuildPhase section */

/* Begin PBXTargetDependency section */
		18A9C30A21BE8666001F01C7 /* PBXTargetDependency */ = {
			isa = PBXTargetDependency;
			target = 18A9C2EF21BE8662001F01C7 /* GCDTest */;
			targetProxy = 18A9C30921BE8666001F01C7 /* PBXContainerItemProxy */;
		};
		18A9C31521BE8666001F01C7 /* PBXTargetDependency */ = {
			isa = PBXTargetDependency;
			target = 18A9C2EF21BE8662001F01C7 /* GCDTest */;
			targetProxy = 18A9C31421BE8666001F01C7 /* PBXContainerItemProxy */;
		};
/* End PBXTargetDependency section */

/* Begin PBXVariantGroup section */
		18A9C2F921BE8662001F01C7 /* Main.storyboard */ = {
			isa = PBXVariantGroup;
			children = (
				18A9C2FA21BE8662001F01C7 /* Base */,
			);
			name = Main.storyboard;
			sourceTree = "<group>";
		};
		18A9C2FE21BE8666001F01C7 /* LaunchScreen.storyboard */ = {
			isa = PBXVariantGroup;
			children = (
				18A9C2FF21BE8666001F01C7 /* Base */,
			);
			name = LaunchScreen.storyboard;
			sourceTree = "<group>";
		};
/* End PBXVariantGroup section */

/* Begin XCBuildConfiguration section */
		18A9C31A21BE8666001F01C7 /* Debug */ = {
			isa = XCBuildConfiguration;
			buildSettings = {
				ALWAYS_SEARCH_USER_PATHS = NO;
				CLANG_ANALYZER_NONNULL = YES;
				CLANG_ANALYZER_NUMBER_OBJECT_CONVERSION = YES_AGGRESSIVE;
				CLANG_CXX_LANGUAGE_STANDARD = "gnu++14";
				CLANG_CXX_LIBRARY = "libc++";
				CLANG_ENABLE_MODULES = YES;
				CLANG_ENABLE_OBJC_ARC = YES;
				CLANG_ENABLE_OBJC_WEAK = YES;
				CLANG_WARN_BLOCK_CAPTURE_AUTORELEASING = YES;
				CLANG_WARN_BOOL_CONVERSION = YES;
				CLANG_WARN_COMMA = YES;
				CLANG_WARN_CONSTANT_CONVERSION = YES;
				CLANG_WARN_DEPRECATED_OBJC_IMPLEMENTATIONS = YES;
				CLANG_WARN_DIRECT_OBJC_ISA_USAGE = YES_ERROR;
				CLANG_WARN_DOCUMENTATION_COMMENTS = YES;
				CLANG_WARN_EMPTY_BODY = YES;
				CLANG_WARN_ENUM_CONVERSION = YES;
				CLANG_WARN_INFINITE_RECURSION = YES;
				CLANG_WARN_INT_CONVERSION = YES;
				CLANG_WARN_NON_LITERAL_NULL_CONVERSION = YES;
				CLANG_WARN_OBJC_IMPLICIT_RETAIN_SELF = YES;
				CLANG_WARN_OBJC_LITERAL_CONVERSION = YES;
				CLANG_WARN_OBJC_ROOT_CLASS = YES_ERROR;
				CLANG_WARN_RANGE_LOOP_ANALYSIS = YES;
				CLANG_WARN_STRICT_PROTOTYPES = YES;
				CLANG_WARN_SUSPICIOUS_MOVE = YES;
				CLANG_WARN_UNGUARDED_AVAILABILITY = YES_AGGRESSIVE;
				CLANG_WARN_UNREACHABLE_CODE = YES;
				CLANG_WARN__DUPLICATE_METHOD_MATCH = YES;
				CODE_SIGN_IDENTITY = "iPhone Developer";
				COPY_PHASE_STRIP = NO;
				DEBUG_INFORMATION_FORMAT = dwarf;
				ENABLE_STRICT_OBJC_MSGSEND = YES;
				ENABLE_TESTABILITY = YES;
				GCC_C_LANGUAGE_STANDARD = gnu11;
				GCC_DYNAMIC_NO_PIC = NO;
				GCC_NO_COMMON_BLOCKS = YES;
				GCC_OPTIMIZATION_LEVEL = 0;
				GCC_PREPROCESSOR_DEFINITIONS = (
					"DEBUG=1",
					"$(inherited)",
				);
				GCC_WARN_64_TO_32_BIT_CONVERSION = YES;
				GCC_WARN_ABOUT_RETURN_TYPE = YES_ERROR;
				GCC_WARN_UNDECLARED_SELECTOR = YES;
				GCC_WARN_UNINITIALIZED_AUTOS = YES_AGGRESSIVE;
				GCC_WARN_UNUSED_FUNCTION = YES;
				GCC_WARN_UNUSED_VARIABLE = YES;
				IPHONEOS_DEPLOYMENT_TARGET = 12.0;
				MTL_ENABLE_DEBUG_INFO = INCLUDE_SOURCE;
				MTL_FAST_MATH = YES;
				ONLY_ACTIVE_ARCH = YES;
				SDKROOT = iphoneos;
			};
			name = Debug;
		};
		18A9C31B21BE8666001F01C7 /* Release */ = {
			isa = XCBuildConfiguration;
			buildSettings = {
				ALWAYS_SEARCH_USER_PATHS = NO;
				CLANG_ANALYZER_NONNULL = YES;
				CLANG_ANALYZER_NUMBER_OBJECT_CONVERSION = YES_AGGRESSIVE;
				CLANG_CXX_LANGUAGE_STANDARD = "gnu++14";
				CLANG_CXX_LIBRARY = "libc++";
				CLANG_ENABLE_MODULES = YES;
				CLANG_ENABLE_OBJC_ARC = YES;
				CLANG_ENABLE_OBJC_WEAK = YES;
				CLANG_WARN_BLOCK_CAPTURE_AUTORELEASING = YES;
				CLANG_WARN_BOOL_CONVERSION = YES;
				CLANG_WARN_COMMA = YES;
				CLANG_WARN_CONSTANT_CONVERSION = YES;
				CLANG_WARN_DEPRECATED_OBJC_IMPLEMENTATIONS = YES;
				CLANG_WARN_DIRECT_OBJC_ISA_USAGE = YES_ERROR;
				CLANG_WARN_DOCUMENTATION_COMMENTS = YES;
				CLANG_WARN_EMPTY_BODY = YES;
				CLANG_WARN_ENUM_CONVERSION = YES;
				CLANG_WARN_INFINITE_RECURSION = YES;
				CLANG_WARN_INT_CONVERSION = YES;
				CLANG_WARN_NON_LITERAL_NULL_CONVERSION = YES;
				CLANG_WARN_OBJC_IMPLICIT_RETAIN_SELF = YES;
				CLANG_WARN_OBJC_LITERAL_CONVERSION = YES;
				CLANG_WARN_OBJC_ROOT_CLASS = YES_ERROR;
				CLANG_WARN_RANGE_LOOP_ANALYSIS = YES;
				CLANG_WARN_STRICT_PROTOTYPES = YES;
				CLANG_WARN_SUSPICIOUS_MOVE = YES;
				CLANG_WARN_UNGUARDED_AVAILABILITY = YES_AGGRESSIVE;
				CLANG_WARN_UNREACHABLE_CODE = YES;
				CLANG_WARN__DUPLICATE_METHOD_MATCH = YES;
				CODE_SIGN_IDENTITY = "iPhone Developer";
				COPY_PHASE_STRIP = NO;
				DEBUG_INFORMATION_FORMAT = "dwarf-with-dsym";
				ENABLE_NS_ASSERTIONS = NO;
				ENABLE_STRICT_OBJC_MSGSEND = YES;
				GCC_C_LANGUAGE_STANDARD = gnu11;
				GCC_NO_COMMON_BLOCKS = YES;
				GCC_WARN_64_TO_32_BIT_CONVERSION = YES;
				GCC_WARN_ABOUT_RETURN_TYPE = YES_ERROR;
				GCC_WARN_UNDECLARED_SELECTOR = YES;
				GCC_WARN_UNINITIALIZED_AUTOS = YES_AGGRESSIVE;
				GCC_WARN_UNUSED_FUNCTION = YES;
				GCC_WARN_UNUSED_VARIABLE = YES;
				IPHONEOS_DEPLOYMENT_TARGET = 12.0;
				MTL_ENABLE_DEBUG_INFO = NO;
				MTL_FAST_MATH = YES;
				SDKROOT = iphoneos;
				VALIDATE_PRODUCT = YES;
			};
			name = Release;
		};
		18A9C31D21BE8666001F01C7 /* Debug */ = {
			isa = XCBuildConfiguration;
			buildSettings = {
				ASSETCATALOG_COMPILER_APPICON_NAME = AppIcon;
				CODE_SIGN_STYLE = Automatic;
				INFOPLIST_FILE = GCDTest/Info.plist;
				LD_RUNPATH_SEARCH_PATHS = (
					"$(inherited)",
					"@executable_path/Frameworks",
				);
				PRODUCT_BUNDLE_IDENTIFIER = ZED.GCDTest;
				PRODUCT_NAME = "$(TARGET_NAME)";
				TARGETED_DEVICE_FAMILY = "1,2";
			};
			name = Debug;
		};
		18A9C31E21BE8666001F01C7 /* Release */ = {
			isa = XCBuildConfiguration;
			buildSettings = {
				ASSETCATALOG_COMPILER_APPICON_NAME = AppIcon;
				CODE_SIGN_STYLE = Automatic;
				INFOPLIST_FILE = GCDTest/Info.plist;
				LD_RUNPATH_SEARCH_PATHS = (
					"$(inherited)",
					"@executable_path/Frameworks",
				);
				PRODUCT_BUNDLE_IDENTIFIER = ZED.GCDTest;
				PRODUCT_NAME = "$(TARGET_NAME)";
				TARGETED_DEVICE_FAMILY = "1,2";
			};
			name = Release;
		};
		18A9C32021BE8666001F01C7 /* Debug */ = {
			isa = XCBuildConfiguration;
			buildSettings = {
				BUNDLE_LOADER = "$(TEST_HOST)";
				CODE_SIGN_STYLE = Automatic;
				INFOPLIST_FILE = GCDTestTests/Info.plist;
				LD_RUNPATH_SEARCH_PATHS = (
					"$(inherited)",
					"@executable_path/Frameworks",
					"@loader_path/Frameworks",
				);
				PRODUCT_BUNDLE_IDENTIFIER = ZED.GCDTestTests;
				PRODUCT_NAME = "$(TARGET_NAME)";
				TARGETED_DEVICE_FAMILY = "1,2";
				TEST_HOST = "$(BUILT_PRODUCTS_DIR)/GCDTest.app/GCDTest";
			};
			name = Debug;
		};
		18A9C32121BE8666001F01C7 /* Release */ = {
			isa = XCBuildConfiguration;
			buildSettings = {
				BUNDLE_LOADER = "$(TEST_HOST)";
				CODE_SIGN_STYLE = Automatic;
				INFOPLIST_FILE = GCDTestTests/Info.plist;
				LD_RUNPATH_SEARCH_PATHS = (
					"$(inherited)",
					"@executable_path/Frameworks",
					"@loader_path/Frameworks",
				);
				PRODUCT_BUNDLE_IDENTIFIER = ZED.GCDTestTests;
				PRODUCT_NAME = "$(TARGET_NAME)";
				TARGETED_DEVICE_FAMILY = "1,2";
				TEST_HOST = "$(BUILT_PRODUCTS_DIR)/GCDTest.app/GCDTest";
			};
			name = Release;
		};
		18A9C32321BE8666001F01C7 /* Debug */ = {
			isa = XCBuildConfiguration;
			buildSettings = {
				CODE_SIGN_STYLE = Automatic;
				INFOPLIST_FILE = GCDTestUITests/Info.plist;
				LD_RUNPATH_SEARCH_PATHS = (
					"$(inherited)",
					"@executable_path/Frameworks",
					"@loader_path/Frameworks",
				);
				PRODUCT_BUNDLE_IDENTIFIER = ZED.GCDTestUITests;
				PRODUCT_NAME = "$(TARGET_NAME)";
				TARGETED_DEVICE_FAMILY = "1,2";
				TEST_TARGET_NAME = GCDTest;
			};
			name = Debug;
		};
		18A9C32421BE8666001F01C7 /* Release */ = {
			isa = XCBuildConfiguration;
			buildSettings = {
				CODE_SIGN_STYLE = Automatic;
				INFOPLIST_FILE = GCDTestUITests/Info.plist;
				LD_RUNPATH_SEARCH_PATHS = (
					"$(inherited)",
					"@executable_path/Frameworks",
					"@loader_path/Frameworks",
				);
				PRODUCT_BUNDLE_IDENTIFIER = ZED.GCDTestUITests;
				PRODUCT_NAME = "$(TARGET_NAME)";
				TARGETED_DEVICE_FAMILY = "1,2";
				TEST_TARGET_NAME = GCDTest;
			};
			name = Release;
		};
/* End XCBuildConfiguration section */

/* Begin XCConfigurationList section */
		18A9C2EB21BE8662001F01C7 /* Build configuration list for PBXProject "GCDTest" */ = {
			isa = XCConfigurationList;
			buildConfigurations = (
				18A9C31A21BE8666001F01C7 /* Debug */,
				18A9C31B21BE8666001F01C7 /* Release */,
			);
			defaultConfigurationIsVisible = 0;
			defaultConfigurationName = Release;
		};
		18A9C31C21BE8666001F01C7 /* Build configuration list for PBXNativeTarget "GCDTest" */ = {
			isa = XCConfigurationList;
			buildConfigurations = (
				18A9C31D21BE8666001F01C7 /* Debug */,
				18A9C31E21BE8666001F01C7 /* Release */,
			);
			defaultConfigurationIsVisible = 0;
			defaultConfigurationName = Release;
		};
		18A9C31F21BE8666001F01C7 /* Build configuration list for PBXNativeTarget "GCDTestTests" */ = {
			isa = XCConfigurationList;
			buildConfigurations = (
				18A9C32021BE8666001F01C7 /* Debug */,
				18A9C32121BE8666001F01C7 /* Release */,
			);
			defaultConfigurationIsVisible = 0;
			defaultConfigurationName = Release;
		};
		18A9C32221BE8666001F01C7 /* Build configuration list for PBXNativeTarget "GCDTestUITests" */ = {
			isa = XCConfigurationList;
			buildConfigurations = (
				18A9C32321BE8666001F01C7 /* Debug */,
				18A9C32421BE8666001F01C7 /* Release */,
			);
			defaultConfigurationIsVisible = 0;
			defaultConfigurationName = Release;
		};
/* End XCConfigurationList section */
	};
	rootObject = 18A9C2E821BE8662001F01C7 /* Project object */;
}
